
Microsoft Visual Studio Solution File, Format Version 12.00
# Visual Studio Version 17
VisualStudioVersion = 17.13.35931.197
MinimumVisualStudioVersion = 10.0.40219.1
Project("{FAE04EC0-301F-11D3-BF4B-00C04F79EFBC}") = "WinFormsApp1", "WinFormsApp1\WinFormsApp1.csproj", "{0BDE1D10-C55D-4D99-80B0-C7F0E7A1795F}"
EndProject
Project("{2150E333-8FDC-42A3-9474-1A3956D46DE8}") = "솔루션 항목", "솔루션 항목", "{2A3A057F-5D22-31FD-628C-DF5EF75AEF1E}"
	ProjectSection(SolutionItems) = preProject
		.gitignore = .gitignore
	EndProjectSection
EndProject
Global
	GlobalSection(SolutionConfigurationPlatforms) = preSolution
		Debug|Any CPU = Debug|Any CPU
		Release|Any CPU = Release|Any CPU
	EndGlobalSection
	GlobalSection(ProjectConfigurationPlatforms) = postSolution
		{0BDE1D10-C55D-4D99-80B0-C7F0E7A1795F}.Debug|Any CPU.ActiveCfg = Debug|Any CPU
		{0BDE1D10-C55D-4D99-80B0-C7F0E7A1795F}.Debug|Any CPU.Build.0 = Debug|Any CPU
		{0BDE1D10-C55D-4D99-80B0-C7F0E7A1795F}.Release|Any CPU.ActiveCfg = Release|Any CPU
		{0BDE1D10-C55D-4D99-80B0-C7F0E7A1795F}.Release|Any CPU.Build.0 = Release|Any CPU
	EndGlobalSection
	GlobalSection(SolutionProperties) = preSolution
		HideSolutionNode = FALSE
	EndGlobalSection
	GlobalSection(ExtensibilityGlobals) = postSolution
		SolutionGuid = {3F4FB43D-81BE-49A2-934F-2C83F9C5E39A}
	EndGlobalSection
EndGlobal
